
Microsoft Visual Studio Solution File, Format Version 12.00
# Visual Studio 15
Project("{FAE04EC0-301F-11D3-BF4B-00C04F79EFBC}") = "Assembly-CSharp-Editor", "Assembly-CSharp-Editor.csproj", "{2783B702-2CB6-9F3A-5589-6975C8448570}"
EndProject
Project("{FAE04EC0-301F-11D3-BF4B-00C04F79EFBC}") = "Assembly-CSharp", "Assembly-CSharp.csproj", "{172D0F95-DBFC-63DB-E1D0-9DFBC2335A53}"
EndProject
Global
	GlobalSection(SolutionConfigurationPlatforms) = preSolution
		Debug|Any CPU = Debug|Any CPU
		Release|Any CPU = Release|Any CPU
	EndGlobalSection
	GlobalSection(ProjectConfigurationPlatforms) = postSolution
		{2783B702-2CB6-9F3A-5589-6975C8448570}.Debug|Any CPU.ActiveCfg = Debug|Any CPU
		{2783B702-2CB6-9F3A-5589-6975C8448570}.Debug|Any CPU.Build.0 = Debug|Any CPU
		{2783B702-2CB6-9F3A-5589-6975C8448570}.Release|Any CPU.ActiveCfg = Release|Any CPU
		{2783B702-2CB6-9F3A-5589-6975C8448570}.Release|Any CPU.Build.0 = Release|Any CPU
		{172D0F95-DBFC-63DB-E1D0-9DFBC2335A53}.Debug|Any CPU.ActiveCfg = Debug|Any CPU
		{172D0F95-DBFC-63DB-E1D0-9DFBC2335A53}.Debug|Any CPU.Build.0 = Debug|Any CPU
		{172D0F95-DBFC-63DB-E1D0-9DFBC2335A53}.Release|Any CPU.ActiveCfg = Release|Any CPU
		{172D0F95-DBFC-63DB-E1D0-9DFBC2335A53}.Release|Any CPU.Build.0 = Release|Any CPU
	EndGlobalSection
	GlobalSection(SolutionProperties) = preSolution
		HideSolutionNode = FALSE
	EndGlobalSection
EndGlobal
